// !$*UTF8*$!
{
	archiveVersion = 1;
	classes = {
	};
	objectVersion = 46;
	objects = {

/* Begin PBXBuildFile section */
		1F6CC7461E8AE4D400F39B25 /* QuadratTouch.framework in CopyFiles */ = {isa = PBXBuildFile; fileRef = 1F6CC7451E8AE4B900F39B25 /* QuadratTouch.framework */; settings = {ATTRIBUTES = (CodeSignOnCopy, RemoveHeadersOnCopy, ); }; };
		1FA70E581E8AC67B00F66341 /* AppDelegate.swift in Sources */ = {isa = PBXBuildFile; fileRef = 1FA70E571E8AC67B00F66341 /* AppDelegate.swift */; };
		1FA70E5A1E8AC67B00F66341 /* PlacesViewController.swift in Sources */ = {isa = PBXBuildFile; fileRef = 1FA70E591E8AC67B00F66341 /* PlacesViewController.swift */; };
		1FA70E5D1E8AC67B00F66341 /* Main.storyboard in Resources */ = {isa = PBXBuildFile; fileRef = 1FA70E5B1E8AC67B00F66341 /* Main.storyboard */; };
		1FA70E5F1E8AC67B00F66341 /* Assets.xcassets in Resources */ = {isa = PBXBuildFile; fileRef = 1FA70E5E1E8AC67B00F66341 /* Assets.xcassets */; };
		1FA70E621E8AC67B00F66341 /* LaunchScreen.storyboard in Resources */ = {isa = PBXBuildFile; fileRef = 1FA70E601E8AC67B00F66341 /* LaunchScreen.storyboard */; };
		1FA70E761E8ACDD700F66341 /* MapKit.framework in Frameworks */ = {isa = PBXBuildFile; fileRef = 1FA70E751E8ACDD700F66341 /* MapKit.framework */; };
/* End PBXBuildFile section */

/* Begin PBXContainerItemProxy section */
		1F6CC7421E8AE4B900F39B25 /* PBXContainerItemProxy */ = {
			isa = PBXContainerItemProxy;
			containerPortal = 1FA70E691E8ACB4400F66341 /* Quadrat.xcodeproj */;
			proxyType = 2;
			remoteGlobalIDString = 476B70891A0EBAE700AFAC33;
			remoteInfo = Quadrat;
		};
		1F6CC7441E8AE4B900F39B25 /* PBXContainerItemProxy */ = {
			isa = PBXContainerItemProxy;
			containerPortal = 1FA70E691E8ACB4400F66341 /* Quadrat.xcodeproj */;
			proxyType = 2;
			remoteGlobalIDString = 476B70DA1A0EBBA500AFAC33;
			remoteInfo = QuadratTouch;
		};
/* End PBXContainerItemProxy section */

/* Begin PBXCopyFilesBuildPhase section */
		1FA70E721E8ACB5400F66341 /* CopyFiles */ = {
			isa = PBXCopyFilesBuildPhase;
			buildActionMask = 2147483647;
			dstPath = "";
			dstSubfolderSpec = 7;
			files = (
				1F6CC7461E8AE4D400F39B25 /* QuadratTouch.framework in CopyFiles */,
			);
			runOnlyForDeploymentPostprocessing = 0;
		};
/* End PBXCopyFilesBuildPhase section */

/* Begin PBXFileReference section */
		1FA70E541E8AC67B00F66341 /* Places.app */ = {isa = PBXFileReference; explicitFileType = wrapper.application; includeInIndex = 0; path = Places.app; sourceTree = BUILT_PRODUCTS_DIR; };
		1FA70E571E8AC67B00F66341 /* AppDelegate.swift */ = {isa = PBXFileReference; lastKnownFileType = sourcecode.swift; path = AppDelegate.swift; sourceTree = "<group>"; };
		1FA70E591E8AC67B00F66341 /* PlacesViewController.swift */ = {isa = PBXFileReference; lastKnownFileType = sourcecode.swift; path = PlacesViewController.swift; sourceTree = "<group>"; };
		1FA70E5C1E8AC67B00F66341 /* Base */ = {isa = PBXFileReference; lastKnownFileType = file.storyboard; name = Base; path = Base.lproj/Main.storyboard; sourceTree = "<group>"; };
		1FA70E5E1E8AC67B00F66341 /* Assets.xcassets */ = {isa = PBXFileReference; lastKnownFileType = folder.assetcatalog; path = Assets.xcassets; sourceTree = "<group>"; };
		1FA70E611E8AC67B00F66341 /* Base */ = {isa = PBXFileReference; lastKnownFileType = file.storyboard; name = Base; path = Base.lproj/LaunchScreen.storyboard; sourceTree = "<group>"; };
		1FA70E631E8AC67B00F66341 /* Info.plist */ = {isa = PBXFileReference; lastKnownFileType = text.plist.xml; path = Info.plist; sourceTree = "<group>"; };
		1FA70E691E8ACB4400F66341 /* Quadrat.xcodeproj */ = {isa = PBXFileReference; lastKnownFileType = "wrapper.pb-project"; name = Quadrat.xcodeproj; path = "../das-quadrat/Source/Quadrat.xcodeproj"; sourceTree = "<group>"; };
		1FA70E751E8ACDD700F66341 /* MapKit.framework */ = {isa = PBXFileReference; lastKnownFileType = wrapper.framework; name = MapKit.framework; path = System/Library/Frameworks/MapKit.framework; sourceTree = SDKROOT; };
/* End PBXFileReference section */

/* Begin PBXFrameworksBuildPhase section */
		1FA70E511E8AC67B00F66341 /* Frameworks */ = {
			isa = PBXFrameworksBuildPhase;
			buildActionMask = 2147483647;
			files = (
				1FA70E761E8ACDD700F66341 /* MapKit.framework in Frameworks */,
			);
			runOnlyForDeploymentPostprocessing = 0;
		};
/* End PBXFrameworksBuildPhase section */

/* Begin PBXGroup section */
		1F6CC73E1E8AE4B900F39B25 /* Products */ = {
			isa = PBXGroup;
			children = (
				1F6CC7431E8AE4B900F39B25 /* Quadrat.framework */,
				1F6CC7451E8AE4B900F39B25 /* QuadratTouch.framework */,
			);
			name = Products;
			sourceTree = "<group>";
		};
		1FA70E4B1E8AC67B00F66341 = {
			isa = PBXGroup;
			children = (
				1FA70E561E8AC67B00F66341 /* Places */,
				1FA70E551E8AC67B00F66341 /* Products */,
				1FA70E741E8ACDD700F66341 /* Frameworks */,
			);
			sourceTree = "<group>";
		};
		1FA70E551E8AC67B00F66341 /* Products */ = {
			isa = PBXGroup;
			children = (
				1FA70E541E8AC67B00F66341 /* Places.app */,
			);
			name = Products;
			sourceTree = "<group>";
		};
		1FA70E561E8AC67B00F66341 /* Places */ = {
			isa = PBXGroup;
			children = (
				1FA70E691E8ACB4400F66341 /* Quadrat.xcodeproj */,
				1FA70E571E8AC67B00F66341 /* AppDelegate.swift */,
				1FA70E591E8AC67B00F66341 /* PlacesViewController.swift */,
				1FA70E5B1E8AC67B00F66341 /* Main.storyboard */,
				1FA70E5E1E8AC67B00F66341 /* Assets.xcassets */,
				1FA70E601E8AC67B00F66341 /* LaunchScreen.storyboard */,
				1FA70E631E8AC67B00F66341 /* Info.plist */,
			);
			path = Places;
			sourceTree = "<group>";
		};
		1FA70E741E8ACDD700F66341 /* Frameworks */ = {
			isa = PBXGroup;
			children = (
				1FA70E751E8ACDD700F66341 /* MapKit.framework */,
			);
			name = Frameworks;
			sourceTree = "<group>";
		};
/* End PBXGroup section */

/* Begin PBXNativeTarget section */
		1FA70E531E8AC67B00F66341 /* Places */ = {
			isa = PBXNativeTarget;
			buildConfigurationList = 1FA70E661E8AC67B00F66341 /* Build configuration list for PBXNativeTarget "Places" */;
			buildPhases = (
				1FA70E501E8AC67B00F66341 /* Sources */,
				1FA70E511E8AC67B00F66341 /* Frameworks */,
				1FA70E521E8AC67B00F66341 /* Resources */,
				1FA70E721E8ACB5400F66341 /* CopyFiles */,
			);
			buildRules = (
			);
			dependencies = (
			);
			name = Places;
			productName = Places;
			productReference = 1FA70E541E8AC67B00F66341 /* Places.app */;
			productType = "com.apple.product-type.application";
		};
/* End PBXNativeTarget section */

/* Begin PBXProject section */
		1FA70E4C1E8AC67B00F66341 /* Project object */ = {
			isa = PBXProject;
			attributes = {
				LastSwiftUpdateCheck = 0820;
				LastUpgradeCheck = 0820;
				ORGANIZATIONNAME = "Rael Kenny";
				TargetAttributes = {
					1FA70E531E8AC67B00F66341 = {
						CreatedOnToolsVersion = 8.2.1;
						DevelopmentTeam = C6ZAVPNTCA;
						ProvisioningStyle = Automatic;
					};
				};
			};
			buildConfigurationList = 1FA70E4F1E8AC67B00F66341 /* Build configuration list for PBXProject "Places" */;
			compatibilityVersion = "Xcode 3.2";
			developmentRegion = English;
			hasScannedForEncodings = 0;
			knownRegions = (
				en,
				Base,
			);
			mainGroup = 1FA70E4B1E8AC67B00F66341;
			productRefGroup = 1FA70E551E8AC67B00F66341 /* Products */;
			projectDirPath = "";
			projectReferences = (
				{
					ProductGroup = 1F6CC73E1E8AE4B900F39B25 /* Products */;
					ProjectRef = 1FA70E691E8ACB4400F66341 /* Quadrat.xcodeproj */;
				},
			);
			projectRoot = "";
			targets = (
				1FA70E531E8AC67B00F66341 /* Places */,
			);
		};
/* End PBXProject section */

/* Begin PBXReferenceProxy section */
		1F6CC7431E8AE4B900F39B25 /* Quadrat.framework */ = {
			isa = PBXReferenceProxy;
			fileType = wrapper.framework;
			path = Quadrat.framework;
			remoteRef = 1F6CC7421E8AE4B900F39B25 /* PBXContainerItemProxy */;
			sourceTree = BUILT_PRODUCTS_DIR;
		};
		1F6CC7451E8AE4B900F39B25 /* QuadratTouch.framework */ = {
			isa = PBXReferenceProxy;
			fileType = wrapper.framework;
			path = QuadratTouch.framework;
			remoteRef = 1F6CC7441E8AE4B900F39B25 /* PBXContainerItemProxy */;
			sourceTree = BUILT_PRODUCTS_DIR;
		};
/* End PBXReferenceProxy section */

/* Begin PBXResourcesBuildPhase section */
		1FA70E521E8AC67B00F66341 /* Resources */ = {
			isa = PBXResourcesBuildPhase;
			buildActionMask = 2147483647;
			files = (
				1FA70E621E8AC67B00F66341 /* LaunchScreen.storyboard in Resources */,
				1FA70E5F1E8AC67B00F66341 /* Assets.xcassets in Resources */,
				1FA70E5D1E8AC67B00F66341 /* Main.storyboard in Resources */,
			);
			runOnlyForDeploymentPostprocessing = 0;
		};
/* End PBXResourcesBuildPhase section */

/* Begin PBXSourcesBuildPhase section */
		1FA70E501E8AC67B00F66341 /* Sources */ = {
			isa = PBXSourcesBuildPhase;
			buildActionMask = 2147483647;
			files = (
				1FA70E5A1E8AC67B00F66341 /* PlacesViewController.swift in Sources */,
				1FA70E581E8AC67B00F66341 /* AppDelegate.swift in Sources */,
			);
			runOnlyForDeploymentPostprocessing = 0;
		};
/* End PBXSourcesBuildPhase section */

/* Begin PBXVariantGroup section */
		1FA70E5B1E8AC67B00F66341 /* Main.storyboard */ = {
			isa = PBXVariantGroup;
			children = (
				1FA70E5C1E8AC67B00F66341 /* Base */,
			);
			name = Main.storyboard;
			sourceTree = "<group>";
		};
		1FA70E601E8AC67B00F66341 /* LaunchScreen.storyboard */ = {
			isa = PBXVariantGroup;
			children = (
				1FA70E611E8AC67B00F66341 /* Base */,
			);
			name = LaunchScreen.storyboard;
			sourceTree = "<group>";
		};
/* End PBXVariantGroup section */

/* Begin XCBuildConfiguration section */
		1FA70E641E8AC67B00F66341 /* Debug */ = {
			isa = XCBuildConfiguration;
			buildSettings = {
				ALWAYS_SEARCH_USER_PATHS = NO;
				CLANG_ANALYZER_NONNULL = YES;
				CLANG_CXX_LANGUAGE_STANDARD = "gnu++0x";
				CLANG_CXX_LIBRARY = "libc++";
				CLANG_ENABLE_MODULES = YES;
				CLANG_ENABLE_OBJC_ARC = YES;
				CLANG_WARN_BOOL_CONVERSION = YES;
				CLANG_WARN_CONSTANT_CONVERSION = YES;
				CLANG_WARN_DIRECT_OBJC_ISA_USAGE = YES_ERROR;
				CLANG_WARN_DOCUMENTATION_COMMENTS = YES;
				CLANG_WARN_EMPTY_BODY = YES;
				CLANG_WARN_ENUM_CONVERSION = YES;
				CLANG_WARN_INFINITE_RECURSION = YES;
				CLANG_WARN_INT_CONVERSION = YES;
				CLANG_WARN_OBJC_ROOT_CLASS = YES_ERROR;
				CLANG_WARN_SUSPICIOUS_MOVE = YES;
				CLANG_WARN_UNREACHABLE_CODE = YES;
				CLANG_WARN__DUPLICATE_METHOD_MATCH = YES;
				"CODE_SIGN_IDENTITY[sdk=iphoneos*]" = "iPhone Developer";
				COPY_PHASE_STRIP = NO;
				DEBUG_INFORMATION_FORMAT = dwarf;
				ENABLE_STRICT_OBJC_MSGSEND = YES;
				ENABLE_TESTABILITY = YES;
				GCC_C_LANGUAGE_STANDARD = gnu99;
				GCC_DYNAMIC_NO_PIC = NO;
				GCC_NO_COMMON_BLOCKS = YES;
				GCC_OPTIMIZATION_LEVEL = 0;
				GCC_PREPROCESSOR_DEFINITIONS = (
					"DEBUG=1",
					"$(inherited)",
				);
				GCC_WARN_64_TO_32_BIT_CONVERSION = YES;
				GCC_WARN_ABOUT_RETURN_TYPE = YES_ERROR;
				GCC_WARN_UNDECLARED_SELECTOR = YES;
				GCC_WARN_UNINITIALIZED_AUTOS = YES_AGGRESSIVE;
				GCC_WARN_UNUSED_FUNCTION = YES;
				GCC_WARN_UNUSED_VARIABLE = YES;
				IPHONEOS_DEPLOYMENT_TARGET = 10.2;
				MTL_ENABLE_DEBUG_INFO = YES;
				ONLY_ACTIVE_ARCH = YES;
				SDKROOT = iphoneos;
				SWIFT_ACTIVE_COMPILATION_CONDITIONS = DEBUG;
				SWIFT_OPTIMIZATION_LEVEL = "-Onone";
				TARGETED_DEVICE_FAMILY = "1,2";
			};
			name = Debug;
		};
		1FA70E651E8AC67B00F66341 /* Release */ = {
			isa = XCBuildConfiguration;
			buildSettings = {
				ALWAYS_SEARCH_USER_PATHS = NO;
				CLANG_ANALYZER_NONNULL = YES;
				CLANG_CXX_LANGUAGE_STANDARD = "gnu++0x";
				CLANG_CXX_LIBRARY = "libc++";
				CLANG_ENABLE_MODULES = YES;
				CLANG_ENABLE_OBJC_ARC = YES;
				CLANG_WARN_BOOL_CONVERSION = YES;
				CLANG_WARN_CONSTANT_CONVERSION = YES;
				CLANG_WARN_DIRECT_OBJC_ISA_USAGE = YES_ERROR;
				CLANG_WARN_DOCUMENTATION_COMMENTS = YES;
				CLANG_WARN_EMPTY_BODY = YES;
				CLANG_WARN_ENUM_CONVERSION = YES;
				CLANG_WARN_INFINITE_RECURSION = YES;
				CLANG_WARN_INT_CONVERSION = YES;
				CLANG_WARN_OBJC_ROOT_CLASS = YES_ERROR;
				CLANG_WARN_SUSPICIOUS_MOVE = YES;
				CLANG_WARN_UNREACHABLE_CODE = YES;
				CLANG_WARN__DUPLICATE_METHOD_MATCH = YES;
				"CODE_SIGN_IDENTITY[sdk=iphoneos*]" = "iPhone Developer";
				COPY_PHASE_STRIP = NO;
				DEBUG_INFORMATION_FORMAT = "dwarf-with-dsym";
				ENABLE_NS_ASSERTIONS = NO;
				ENABLE_STRICT_OBJC_MSGSEND = YES;
				GCC_C_LANGUAGE_STANDARD = gnu99;
				GCC_NO_COMMON_BLOCKS = YES;
				GCC_WARN_64_TO_32_BIT_CONVERSION = YES;
				GCC_WARN_ABOUT_RETURN_TYPE = YES_ERROR;
				GCC_WARN_UNDECLARED_SELECTOR = YES;
				GCC_WARN_UNINITIALIZED_AUTOS = YES_AGGRESSIVE;
				GCC_WARN_UNUSED_FUNCTION = YES;
				GCC_WARN_UNUSED_VARIABLE = YES;
				IPHONEOS_DEPLOYMENT_TARGET = 10.2;
				MTL_ENABLE_DEBUG_INFO = NO;
				SDKROOT = iphoneos;
				SWIFT_OPTIMIZATION_LEVEL = "-Owholemodule";
				TARGETED_DEVICE_FAMILY = "1,2";
				VALIDATE_PRODUCT = YES;
			};
			name = Release;
		};
		1FA70E671E8AC67B00F66341 /* Debug */ = {
			isa = XCBuildConfiguration;
			buildSettings = {
				ASSETCATALOG_COMPILER_APPICON_NAME = AppIcon;
				DEVELOPMENT_TEAM = C6ZAVPNTCA;
				INFOPLIST_FILE = Places/Info.plist;
				LD_RUNPATH_SEARCH_PATHS = "$(inherited) @executable_path/Frameworks";
				PRODUCT_BUNDLE_IDENTIFIER = "n-a.Places";
				PRODUCT_NAME = "$(TARGET_NAME)";
				SWIFT_VERSION = 3.0;
			};
			name = Debug;
		};
		1FA70E681E8AC67B00F66341 /* Release */ = {
			isa = XCBuildConfiguration;
			buildSettings = {
				ASSETCATALOG_COMPILER_APPICON_NAME = AppIcon;
				DEVELOPMENT_TEAM = C6ZAVPNTCA;
				INFOPLIST_FILE = Places/Info.plist;
				LD_RUNPATH_SEARCH_PATHS = "$(inherited) @executable_path/Frameworks";
				PRODUCT_BUNDLE_IDENTIFIER = "n-a.Places";
				PRODUCT_NAME = "$(TARGET_NAME)";
				SWIFT_VERSION = 3.0;
			};
			name = Release;
		};
/* End XCBuildConfiguration section */

/* Begin XCConfigurationList section */
		1FA70E4F1E8AC67B00F66341 /* Build configuration list for PBXProject "Places" */ = {
			isa = XCConfigurationList;
			buildConfigurations = (
				1FA70E641E8AC67B00F66341 /* Debug */,
				1FA70E651E8AC67B00F66341 /* Release */,
			);
			defaultConfigurationIsVisible = 0;
			defaultConfigurationName = Release;
		};
		1FA70E661E8AC67B00F66341 /* Build configuration list for PBXNativeTarget "Places" */ = {
			isa = XCConfigurationList;
			buildConfigurations = (
				1FA70E671E8AC67B00F66341 /* Debug */,
				1FA70E681E8AC67B00F66341 /* Release */,
			);
			defaultConfigurationIsVisible = 0;
			defaultConfigurationName = Release;
		};
/* End XCConfigurationList section */
	};
	rootObject = 1FA70E4C1E8AC67B00F66341 /* Project object */;
}
